lockfileVersion: '9.0'

settings:
  autoInstallPeers: true
  excludeLinksFromLockfile: false

importers:

  .:
    devDependencies:
      '@inquirer/prompts':
        specifier: ^8.5.2
        version: 8.5.2(@types/node@22.7.5)
      '@rollup/plugin-commonjs':
        specifier: ^29.0.3
        version: 29.0.3(rollup@4.62.4)
      '@rollup/plugin-node-resolve':
        specifier: ^16.0.3
        version: 16.0.3(rollup@4.62.4)
      '@rollup/plugin-swc':
        specifier: ^0.4.1
        version: 0.4.1(@swc/core@1.15.47)(rollup@4.62.4)
      '@swc/core':
        specifier: ^1.15.47
        version: 1.15.47
      '@types/mustache':
        specifier: ^4.2.6
        version: 4.2.6
      mustache:
        specifier: ^4.2.0
        version: 4.2.0
      rimraf:
        specifier: ^6.1.3
        version: 6.1.3
      rollup:
        specifier: ^4.62.4
        version: 4.62.4
      rollup-plugin-cleanup:
        specifier: ^3.2.1
        version: 3.2.1(rollup@4.62.4)
      tslib:
        specifier: ^2.8.1
        version: 2.8.1
      typescript:
        specifier: ^7.0.2
        version: 7.0.2
      yaml:
        specifier: ^2.9.0
        version: 2.9.0

packages:

  '@inquirer/ansi@2.0.7':
    resolution: {integrity: sha512-3eTuUO1vH2cZm2ZKHeQxnOqlTi9EfZDGgIe3BL3I4u+rJHocr9Fz86M4fjYABPvFnQG/gGK551HqDiIcETwU6Q==}
    engines: {node: '>=23.5.0 || ^22.13.0 || ^20.17.0'}

  '@inquirer/checkbox@5.2.1':
    resolution: {integrity: sha512-b6xmA/VlTe0ZgDQHDui+Nav470u7u49nRd8/iuhOcQPO9Ch7lGuogydhi2VOmNlZ+zXcM8IcPuNSwQcdJaF/kw==}
    engines: {node: '>=23.5.0 || ^22.13.0 || ^20.17.0'}
    peerDependencies:
      '@types/node': '>=18'
    peerDependenciesMeta:
      '@types/node':
        optional: true

  '@inquirer/confirm@6.1.1':
    resolution: {integrity: sha512-eb8DBZcz/2qHWQda4rk2JiQk5h9QV/cVHi1yjt0f69WFZMRFn0sJTye3EAP8icut8UDMjQPsaH5KbcOogefrFQ==}
    engines: {node: '>=23.5.0 || ^22.13.0 || ^20.17.0'}
    peerDependencies:
      '@types/node': '>=18'
    peerDependenciesMeta:
      '@types/node':
        optional: true

  '@inquirer/core@11.2.1':
    resolution: {integrity: sha512-Qd6GJT1yVyrZZCfN8W2qKF5ApmqryXRhRKCuip8h01x2w/esJQ2XIYc6f9abMIHgKQdBfFTSOdbHRLAhuM09UA==}
    engines: {node: '>=23.5.0 || ^22.13.0 || ^20.17.0'}
    peerDependencies:
      '@types/node': '>=18'
    peerDependenciesMeta:
      '@types/node':
        optional: true

  '@inquirer/editor@5.2.2':
    resolution: {integrity: sha512-ZRVd/oD+sYsUd5zVm0NflqEzlqfYCyHNsqkHl2oWXEUHs12tCbcSFi+wVFEvD8+LGRaMUsVrE7qeo6lSG/S1Vg==}
    engines: {node: '>=23.5.0 || ^22.13.0 || ^20.17.0'}
    peerDependencies:
      '@types/node': '>=18'
    peerDependenciesMeta:
      '@types/node':
        optional: true

  '@inquirer/expand@5.1.1':
    resolution: {integrity: sha512-YmQpenjbFSHAK3sOd44puHh3V1KXXr+JiNpUztoSQ4drLh2rTVzTap/YtlAVu/5xavifIlBfNEzJ/neZJ1a/1g==}
    engines: {node: '>=23.5.0 || ^22.13.0 || ^20.17.0'}
    peerDependencies:
      '@types/node': '>=18'
    peerDependenciesMeta:
      '@types/node':
        optional: true

  '@inquirer/external-editor@3.0.3':
    resolution: {integrity: sha512-6thf5I8q7lZwzGLAxPaaGEREEkZ3nyePPDQ1oyobblxmEE8mqTLguScP7pDjUTAibiyb4hfXl+qjUEJ+di/aNA==}
    engines: {node: '>=23.5.0 || ^22.13.0 || ^20.17.0'}
    peerDependencies:
      '@types/node': '>=18'
    peerDependenciesMeta:
      '@types/node':
        optional: true

  '@inquirer/figures@2.0.7':
    resolution: {integrity: sha512-aJ8TBPOGB6f/2qziPfElISTCEd5XOYTFckA2SGjhNmiKzfK/u4ot3v0DUzGVdUnKjN10EqnnEPck36BkyfLnJw==}
    engines: {node: '>=23.5.0 || ^22.13.0 || ^20.17.0'}

  '@inquirer/input@5.1.2':
    resolution: {integrity: sha512-9K/DDBSQpOyZSkt6sOVP9Vo0TR7atX2kuILsUu0x3wVcVbe97lJwIJKMLdMw25tDYuXl/qp6erT0Xs1rfmcfZg==}
    engines: {node: '>=23.5.0 || ^22.13.0 || ^20.17.0'}
    peerDependencies:
      '@types/node': '>=18'
    peerDependenciesMeta:
      '@types/node':
        optional: true

  '@inquirer/number@4.1.1':
    resolution: {integrity: sha512-XF4IXAbPnGPgw0wsbC/i2tPcyfdZgDpUlhsqU0SfT4IRIGWha6Xm9VRgN5yYxJq+jnyXlfXI/nQ3ulfk0iEICA==}
    engines: {node: '>=23.5.0 || ^22.13.0 || ^20.17.0'}
    peerDependencies:
      '@types/node': '>=18'
    peerDependenciesMeta:
      '@types/node':
        optional: true

  '@inquirer/password@5.1.1':
    resolution: {integrity: sha512-3XBfF7DAsp5qeDsvN5Rd1HmbNokVvEQoUM0QLrRcybC9nX96w3Pbmu7qUsb3IT3J3jBvs2+mTXaKHOUsgHMLzg==}
    engines: {node: '>=23.5.0 || ^22.13.0 || ^20.17.0'}
    peerDependencies:
      '@types/node': '>=18'
    peerDependenciesMeta:
      '@types/node':
        optional: true

  '@inquirer/prompts@8.5.2':
    resolution: {integrity: sha512-IYR/3C/paEVVQYQvdDlFZVjRCJVYHHON0XXMH91KO9GSxs0TdKYWlUdvfQl2EfAHDxUaN3IBffkE/BDTh5nJ6g==}
    engines: {node: '>=23.5.0 || ^22.13.0 || ^20.17.0'}
    peerDependencies:
      '@types/node': '>=18'
    peerDependenciesMeta:
      '@types/node':
        optional: true

  '@inquirer/rawlist@5.3.1':
    resolution: {integrity: sha512-QqdTqQddL3qPX/PPrjobpsO25NZ4dWXgTLenrR445L2ptLEYE6Z+PD5c5CNDJNx4ugRgELAIpSIJxZaO2jJ2Og==}
    engines: {node: '>=23.5.0 || ^22.13.0 || ^20.17.0'}
    peerDependencies:
      '@types/node': '>=18'
    peerDependenciesMeta:
      '@types/node':
        optional: true

  '@inquirer/search@4.2.1':
    resolution: {integrity: sha512-xJj8QWKRSrfKoBIITLZK61dD3zwo0Rz11fgDImku30/Oe81zMdIdGgrLY2h6RkJ+KZ/GhNYIRMKnH/62qBTA5g==}
    engines: {node: '>=23.5.0 || ^22.13.0 || ^20.17.0'}
    peerDependencies:
      '@types/node': '>=18'
    peerDependenciesMeta:
      '@types/node':
        optional: true

  '@inquirer/select@5.2.1':
    resolution: {integrity: sha512-FlDndEUww8m7BfukO2nJa25vhD+H5jxxCv4oGioKqzyWz3nPHhhw4LKdYRSlXuAx7DsdWia7iyaBPKKS95Evfw==}
    engines: {node: '>=23.5.0 || ^22.13.0 || ^20.17.0'}
    peerDependencies:
      '@types/node': '>=18'
    peerDependenciesMeta:
      '@types/node':
        optional: true

  '@inquirer/type@4.0.7':
    resolution: {integrity: sha512-t28inv14nMQ1PhKpsJPY+kEs/c00qzeCOS2gTNRyTjG5d6qsVA2fItxW4hkvGZ5lvanGLdtCzVIx5dwdRpN1+g==}
    engines: {node: '>=23.5.0 || ^22.13.0 || ^20.17.0'}
    peerDependencies:
      '@types/node': '>=18'
    peerDependenciesMeta:
      '@types/node':
        optional: true

  '@jridgewell/sourcemap-codec@1.5.0':
    resolution: {integrity: sha512-gv3ZRaISU3fjPAgNsriBRqGWQL6quFx04YMPW/zD8XMLsU32mhCCbfbO6KZFLjvYpCZ8zyDEgqsgf+PwPaM7GQ==}

  '@napi-rs/lzma-linux-x64-gnu@1.5.1':
    resolution: {integrity: sha512-oTXEIha4SsuXdTA4Iyskj0kpdx2yVXdhd75c2v3xGrHFfVMsbhTPZU/nMPL4sWKo4pBHm3aucLaqGlF696dTyQ==}
    engines: {node: ^22.20 || ^24.12 || >=25}
    cpu: [x64]
    os: [linux]
    libc: [glibc]

  '@rollup/plugin-commonjs@29.0.3':
    resolution: {integrity: sha512-ZaOxZceP7SOUW7Lqw5IRVweSQYWaeIPnXIGLiB690EBA3FGJTO40EEr2L5yZplJWsgTCogILRSpcAe7+U0Otdg==}
    engines: {node: '>=16.0.0 || 14 >= 14.17'}
    peerDependencies:
      rollup: ^2.68.0||^3.0.0||^4.0.0
    peerDependenciesMeta:
      rollup:
        optional: true

  '@rollup/plugin-node-resolve@16.0.3':
    resolution: {integrity: sha512-lUYM3UBGuM93CnMPG1YocWu7X802BrNF3jW2zny5gQyLQgRFJhV1Sq0Zi74+dh/6NBx1DxFC4b4GXg9wUCG5Qg==}
    engines: {node: '>=14.0.0'}
    peerDependencies:
      rollup: ^2.78.0||^3.0.0||^4.0.0
    peerDependenciesMeta:
      rollup:
        optional: true

  '@rollup/plugin-swc@0.4.1':
    resolution: {integrity: sha512-widfnT1TbDc4hsV37PQ61ZoLGPJ7STZE4lQzA3gWKbcMfzjOgiGsoTYfSsq21H4J2UY1y3MKwejXTMkwN2tEtQ==}
    engines: {node: '>=14.0.0'}
    peerDependencies:
      '@swc/core': ^1.3.0
      rollup: ^3.0.0||^4.0.0
    peerDependenciesMeta:
      rollup:
        optional: true

  '@rollup/pluginutils@5.1.2':
    resolution: {integrity: sha512-/FIdS3PyZ39bjZlwqFnWqCOVnW7o963LtKMwQOD0NhQqw22gSr2YY1afu3FxRip4ZCZNsD5jq6Aaz6QV3D/Njw==}
    engines: {node: '>=14.0.0'}
    peerDependencies:
      rollup: ^1.20.0||^2.0.0||^3.0.0||^4.0.0
    peerDependenciesMeta:
      rollup:
        optional: true

  '@rollup/rollup-android-arm-eabi@4.62.4':
    resolution: {integrity: sha512-RrPokAb7dmbxFoeO3TloqHyOjgye8RkBhSqmp4aJMIex4c9r46ZstPnleDQOq1t46VOVjwIuwNogIqbodV1Vvg==}
    cpu: [arm]
    os: [android]

  '@rollup/rollup-android-arm64@4.62.4':
    resolution: {integrity: sha512-JKuJc+pnpks2pjy7L/N3v/cAkZxYlnmuZoD840ldbMI5KDbC4iO9NKwPKYdjYFCMAIIlBzYSFHxIJVYzRo2/8A==}
    cpu: [arm64]
    os: [android]

  '@rollup/rollup-darwin-arm64@4.62.4':
    resolution: {integrity: sha512-krw5uS2STmvJ02x0uTXHbqQNuz+9eZ1iw+qXk9dmW2gvV4jV7O2hEoOnuhFrpOPiel1mBFtqbxYZZtC46hXLOw==}
    cpu: [arm64]
    os: [darwin]

  '@rollup/rollup-darwin-x64@4.62.4':
    resolution: {integrity: sha512-wsTxtgApb4PrOsNJIm0FZ1h3WvCC+k9uxLJ4ad75hgoS4NiRes2SoJFlDAyMwiUY8IssDqGcHbXuN0sx1tfF1A==}
    cpu: [x64]
    os: [darwin]

  '@rollup/rollup-freebsd-arm64@4.62.4':
    resolution: {integrity: sha512-GUOnQlyZe3yAXhWOtOMsn5Qkrv5E5mZXa0thbARWi5Ei2szlVXJFQhddZ4HbAzh8q92w5twp+CQvs/eFanz9YQ==}
    cpu: [arm64]
    os: [freebsd]

  '@rollup/rollup-freebsd-x64@4.62.4':
    resolution: {integrity: sha512-/Y7f3QuxjzPKsjA/rfEDa3+0vXqyjmJ50Ln8dPpCmWkKTrUoWHG1cWhTqaAMLob2m2nESWuC7yGrREz019Ztqg==}
    cpu: [x64]
    os: [freebsd]

  '@rollup/rollup-linux-arm-gnueabihf@4.62.4':
    resolution: {integrity: sha512-81wiiX3v7aqy+T+bT61TJ78yJjRquqFFTTbAPt08imfQQzkPIW8t6aJbkTagtCCrXMNc9D66+geqlK7ydLPNqA==}
    cpu: [arm]
    os: [linux]
    libc: [glibc]

  '@rollup/rollup-linux-arm-musleabihf@4.62.4':
    resolution: {integrity: sha512-9kmDIvNZqdoHOBZgNtpTBeLWYO/LVipM3H/j62P8848/l/VPEQL6N3uxU9pvP1oZAsXyC2MEnFP3ovRjo7WYNQ==}
    cpu: [arm]
    os: [linux]
    libc: [musl]

  '@rollup/rollup-linux-arm64-gnu@4.62.4':
    resolution: {integrity: sha512-CcnXHWnXg69g+DX5VWL3FHts3qMRN2uVEHX+BZvGLdd07/gXkn3ePjYtO1LDJvxkGKVHMclKBRa1QUTH+6toYQ==}
    cpu: [arm64]
    os: [linux]
    libc: [glibc]

  '@rollup/rollup-linux-arm64-musl@4.62.4':
    resolution: {integrity: sha512-iFOibiHnTRuhrWLlRsOQFdZJJIa7S8OwkneJr4ocALP16u5yk6lWLINFwhHaEqBFMsKDUZofLkGos7+CPzGB3g==}
    cpu: [arm64]
    os: [linux]
    libc: [musl]

  '@rollup/rollup-linux-loong64-gnu@4.62.4':
    resolution: {integrity: sha512-XnWYMI7euHlb5a871xPja+Gm7DRCFU+FGRrtS2sMq9N8FvqtpagUy6gD4YOemC5MRk9xbh8+jYMEJbigFQwsgA==}
    cpu: [loong64]
    os: [linux]
    libc: [glibc]

  '@rollup/rollup-linux-loong64-musl@4.62.4':
    resolution: {integrity: sha512-qGDAlO0U8xedCcsdRm9oaoQY8DAx/QT7uIxJWhCdx0ceIWX783UC9QSYkdpzAe29wNiVfp24+bZdQmn49o45SQ==}
    cpu: [loong64]
    os: [linux]
    libc: [musl]

  '@rollup/rollup-linux-ppc64-gnu@4.62.4':
    resolution: {integrity: sha512-ru4H6ezD7ysA5EiEK6qkkaEb4modH8CTej6kUy/gQi20u3kB3G7Zn8snXXkeJSCOFKG/rbPPtM/+9Wgas1961w==}
    cpu: [ppc64]
    os: [linux]
    libc: [glibc]

  '@rollup/rollup-linux-ppc64-musl@4.62.4':
    resolution: {integrity: sha512-2W4MO5WQVJnbJaZdvDb9rhBDuFU1nKIepPFpJUBsTh2k1YY2g+ODViaWuyOAjQ5cOP7NvrvLzt3wvHOoiAvc7w==}
    cpu: [ppc64]
    os: [linux]
    libc: [musl]

  '@rollup/rollup-linux-riscv64-gnu@4.62.4':
    resolution: {integrity: sha512-+fxjfuoAmVMCYV5QyjoIpu0cp5DOiOTeqYFk1AVaxGr+/ravWLX89XfQmptsoWcaVy/TGf2hexzbUOrCQIL1CQ==}
    cpu: [riscv64]
    os: [linux]
    libc: [glibc]

  '@rollup/rollup-linux-riscv64-musl@4.62.4':
    resolution: {integrity: sha512-jTn8JfHGL4djjFxPuM06LmNUJDsst2jeVlsd9OmIH6zc5sC9K6rIuO4YajXatLUpBmBKl6b35ro1QZocLi+tcA==}
    cpu: [riscv64]
    os: [linux]
    libc: [musl]

  '@rollup/rollup-linux-s390x-gnu@4.62.4':
    resolution: {integrity: sha512-oCJCJL4pXsoDcP2QZ+JVlPTIRc6266zsIaeJJsWImmF7HO0W8nb6HuSgZlMWxJwaPf8ehbSw8yo0EUw925hKsA==}
    cpu: [s390x]
    os: [linux]
    libc: [glibc]

  '@rollup/rollup-linux-x64-gnu@4.62.4':
    resolution: {integrity: sha512-W69hukhZ3KKNRCaMIEzKvcFye42hh0FE1+YoYaf5+Ikacuftoco6yO/xouz0hc5d5W/s3yBro5jRiuEE/Q5vUw==}
    cpu: [x64]
    os: [linux]
    libc: [glibc]

  '@rollup/rollup-linux-x64-musl@4.62.4':
    resolution: {integrity: sha512-qiXbGG2jkjXhzXpsFZSR2Xpb8DN/UaxYsbb/STbuR/6fpaDgRmmaq1B/LmtF2wQFOFOSsK2jdE0RZ3a0zHn4QA==}
    cpu: [x64]
    os: [linux]
    libc: [musl]

  '@rollup/rollup-openbsd-x64@4.62.4':
    resolution: {integrity: sha512-nWeM//hxv8mIo6jD7Hu4o48DVmV9pbV6gsKaWU+4NFyqHoPKwrkRiZGLKUhOBk8qNmDmpwFtPKg80Bo/Tn4xiQ==}
    cpu: [x64]
    os: [openbsd]

  '@rollup/rollup-openharmony-arm64@4.62.4':
    resolution: {integrity: sha512-s62SQ/vgsRSvMwDkOEfTqfgASF0f26ZNaQuTA6Aok5lrikf89yI2W0gFHvZb2Jpgc6N8JnOKZgCK2iciO3CsxQ==}
    cpu: [arm64]
    os: [openharmony]

  '@rollup/rollup-win32-arm64-msvc@4.62.4':
    resolution: {integrity: sha512-J6wGf8TVGbXJq+HH+ttTvrcfNKPbuZecV6KT1B8I18BC5IURUh5kl4Yl5OEP5eFIUoI5BWxCsyYMhFsDx8kekw==}
    cpu: [arm64]
    os: [win32]

  '@rollup/rollup-win32-ia32-msvc@4.62.4':
    resolution: {integrity: sha512-zmfrQd/0wu6oJs8Vq8KwY/YtsKSsLtKe/HwAP4Wqy8LhWjeT55fHRAkOhYQ12wI3ayS4Tt12d5CDRD7N96SAYQ==}
    cpu: [ia32]
    os: [win32]

  '@rollup/rollup-win32-x64-gnu@4.62.4':
    resolution: {integrity: sha512-qPzHqdj9rfUD+w79dtE07zi/kFwKyCJqplp5K5ygeLTp7jLpAoc16OAH39HSmRC9UpozaecsleI8uAdEj6v2yw==}
    cpu: [x64]
    os: [win32]

  '@rollup/rollup-win32-x64-msvc@4.62.4':
    resolution: {integrity: sha512-zD6NdeWEByGE9QF9vCrlJ5YQB4oq9q91kPZS37Jwj5hOkvR1lTBSpsKhKDw4IJtbQ35LsTS1HD9DZYGKIshU1Q==}
    cpu: [x64]
    os: [win32]

  '@swc/core-darwin-arm64@1.15.47':
    resolution: {integrity: sha512-GsoMtan3ojGGMGFbl31mmRu5ctZ56re8grGE8mO/OHJ8O+JRkzod02fe7X6ZQ8JvamA3imkEkx/h3u+vsOgPgA==}
    engines: {node: '>=10'}
    cpu: [arm64]
    os: [darwin]

  '@swc/core-darwin-x64@1.15.47':
    resolution: {integrity: sha512-leTi7Rx3KF4zcC637iqWgk9SoV8VXAD8ppQYXsep63px5A/UftOcxLN1pmr8Z1si/YvX90ompP/rHgpYkgwXWg==}
    engines: {node: '>=10'}
    cpu: [x64]
    os: [darwin]

  '@swc/core-linux-arm-gnueabihf@1.15.47':
    resolution: {integrity: sha512-hBqHuoWKKIsKmDBn9qVeWqj5GWZhtlcczVaqQmNRXsDfq+voR5CxKRfamA367QjJXtceYuliLFfEL8QsskRM2g==}
    engines: {node: '>=10'}
    cpu: [arm]
    os: [linux]

  '@swc/core-linux-arm64-gnu@1.15.47':
    resolution: {integrity: sha512-TBxvRz+B4K205TWHHZxWVxkC2RFNP/Mz3PNcECBos5PsKwxjg3QSJzdoebr0VCf0Bfh8HOPldKxAP/8XkFe9gA==}
    engines: {node: '>=10'}
    cpu: [arm64]
    os: [linux]
    libc: [glibc]

  '@swc/core-linux-arm64-musl@1.15.47':
    resolution: {integrity: sha512-3Yu3Uq/VgytqsPjTMbkPU1ExADytbdWbruJYhA584E9jrpE2Ki+R6VVPoZCeAVk1Cb7QxcRTgblw6bSa6a/R+w==}
    engines: {node: '>=10'}
    cpu: [arm64]
    os: [linux]
    libc: [musl]

  '@swc/core-linux-ppc64-gnu@1.15.47':
    resolution: {integrity: sha512-wfdMi5IaOaNtmh2/6geRoxIdNfqylUZFdtzTKS655y1axWfIWyx7As74vv0wVdjeCIZ3WmCI9odDd4rUttXOSQ==}
    engines: {node: '>=10'}
    cpu: [ppc64]
    os: [linux]
    libc: [glibc]

  '@swc/core-linux-s390x-gnu@1.15.47':
    resolution: {integrity: sha512-3hHYBY0yx8Ez7GMRrkhXHQzMdR5IZA6Wq5Ee4svlgwvSECLpnAJ9+0AimEGUFDvuLwE7nV/2+PYe8+Nm4rvNcQ==}
    engines: {node: '>=10'}
    cpu: [s390x]
    os: [linux]
    libc: [glibc]

  '@swc/core-linux-x64-gnu@1.15.47':
    resolution: {integrity: sha512-TjfhjgP/jGCfFHYC3JQPhJA1HwErbIJ9JfREDc1KNkvY6P0LodCgKVIlQ5deeTbkG7ih3bF5PHJLuLpaZjdRyQ==}
    engines: {node: '>=10'}
    cpu: [x64]
    os: [linux]
    libc: [glibc]

  '@swc/core-linux-x64-musl@1.15.47':
    resolution: {integrity: sha512-CQpS8Ge/avfjZd0UEwG/sds83Uu32deQXcV1Jo3jD0mmvQQqtYAjpsDZXugmheeAwmt+YIuoVtVHro8LMYHqsQ==}
    engines: {node: '>=10'}
    cpu: [x64]
    os: [linux]
    libc: [musl]

  '@swc/core-win32-arm64-msvc@1.15.47':
    resolution: {integrity: sha512-0W8IKHsUTYiT7G2RqtOoVWk+89yzZikIiDUb/sCK6BmQDBhN91hQSfyUtW12jhEWLzYgcfmisfsZrmZE+84U1A==}
    engines: {node: '>=10'}
    cpu: [arm64]
    os: [win32]

  '@swc/core-win32-ia32-msvc@1.15.47':
    resolution: {integrity: sha512-ZIp49d2Z4/ka2jO9otOg4hDvTdPmp86kVOgS2M5FCPI7eKKZ1W0boxWn+8XeZrfERtFGW0AlMRm4JhlJa7l3NA==}
    engines: {node: '>=10'}
    cpu: [ia32]
    os: [win32]

  '@swc/core-win32-x64-msvc@1.15.47':
    resolution: {integrity: sha512-2h8Iek95vnixkBRCo+H8p09+Q5ll2NgSMFrWTy0iKt7+/t+8/T5mBpiT6c0ZxSS7wcWjwZ9sGZkK70tTSYHdDw==}
    engines: {node: '>=10'}
    cpu: [x64]
    os: [win32]

  '@swc/core@1.15.47':
    resolution: {integrity: sha512-FbsO5JcfOjfH38W/rohBRBweJeERsAuIP4f377lmkmxTcq9exjtx4SkRuZY5CdfhR2CBVwDIJegBpJDffwNsOg==}
    engines: {node: '>=10'}
    peerDependencies:
      '@swc/helpers': '>=0.5.17'
    peerDependenciesMeta:
      '@swc/helpers':
        optional: true

  '@swc/counter@0.1.3':
    resolution: {integrity: sha512-e2BR4lsJkkRlKZ/qCHPw9ZaSxc0MVUd7gtbtaB7aMvHeJVYe8sOB8DBZkP2DtISHGSku9sCK6T6cnY0CtXrOCQ==}

  '@swc/types@0.1.28':
    resolution: {integrity: sha512-V6Mnml8v09QALx6K0elJ7o9K/MkVDtW3t6L+7Ou/JcWtb3xwId2AH4FeOceySd2JaO87IMw4+6vSZxLm34LPbw==}

  '@types/estree@1.0.6':
    resolution: {integrity: sha512-AYnb1nQyY49te+VRAVgmzfcgjYS91mY5P0TKUDCLEM+gNnA+3T6rWITXRLYCpahpqSQbN5cE+gHpnPyXjHWxcw==}

  '@types/estree@1.0.9':
    resolution: {integrity: sha512-GhdPgy1el4/ImP05X05Uw4cw2/M93BCUmnEvWZNStlCzEKME4Fkk+YpoA5OiHNQmoS7Cafb8Xa3Pya8m1Qrzeg==}

  '@types/mustache@4.2.6':
    resolution: {integrity: sha512-t+8/QWTAhOFlrF1IVZqKnMRJi84EgkIK5Kh0p2JV4OLywUvCwJPFxbJAl7XAow7DVIHsF+xW9f1MVzg0L6Szjw==}

  '@types/node@22.7.5':
    resolution: {integrity: sha512-jML7s2NAzMWc//QSJ1a3prpk78cOPchGvXJsC3C6R6PSMoooztvRVQEz89gmBTBY1SPMaqo5teB4uNHPdetShQ==}

  '@types/resolve@1.20.2':
    resolution: {integrity: sha512-60BCwRFOZCQhDncwQdxxeOEEkbc5dIMccYLwbxsS4TUNeVECQ/pBJ0j09mrHOl/JJvpRPGwO9SvE4nR2Nb/a4Q==}

  '@typescript/typescript-aix-ppc64@7.0.2':
    resolution: {integrity: sha512-MTKKkWB7p/0E9xi1d1tHtZ5PiLkGEMIq88pK2CubZjOsLtYTLqhgIgi6zepFa+9GHZ6h05NMCkQxGKiPXMxXtQ==}
    engines: {node: '>=16.20.0'}
    cpu: [ppc64]
    os: [aix]

  '@typescript/typescript-darwin-arm64@7.0.2':
    resolution: {integrity: sha512-gowzar9MwS/aRWp6f3a4KUqzRjAZjOsmGNCM6LcTgXum+dBfgsBVMN+AgvOCCbguXyick6LJhpBszxMebJ8syA==}
    engines: {node: '>=16.20.0'}
    cpu: [arm64]
    os: [darwin]

  '@typescript/typescript-darwin-x64@7.0.2':
    resolution: {integrity: sha512-SZ9xZInqApNlNGc9s0W1VSsktYSOe9cFqNOIqmN1Gs8SmkjKZYFt017G4VwPxASInODuAdbTW7sXiFUf893RgA==}
    engines: {node: '>=16.20.0'}
    cpu: [x64]
    os: [darwin]

  '@typescript/typescript-freebsd-arm64@7.0.2':
    resolution: {integrity: sha512-W5NH4y/J0plIIS5b2xvTEkU7JFxyqdMAOgf+Ilhl0vHQXKO5dZoxd+C/jEtq56c4F3wk71RB4BMRQ2XdI+bwYQ==}
    engines: {node: '>=16.20.0'}
    cpu: [arm64]
    os: [freebsd]

  '@typescript/typescript-freebsd-x64@7.0.2':
    resolution: {integrity: sha512-UMGDx5sTpzNw3WiPebH7l90IWfJggEd+egHt/q6p7/Cm3zqoV7VxkGXt+3DxPIw8CcmvAB0j3sVVfbhX+M4Tpw==}
    engines: {node: '>=16.20.0'}
    cpu: [x64]
    os: [freebsd]

  '@typescript/typescript-linux-arm64@7.0.2':
    resolution: {integrity: sha512-Qh4eU4/y3yDjnfjjyPYihMj5/ODIlmt+Bzu17OI+fiSRDW57QmU5SiN63exPRNJPKUzcc1INa1NXdrJ+MqHjUQ==}
    engines: {node: '>=16.20.0'}
    cpu: [arm64]
    os: [linux]

  '@typescript/typescript-linux-arm@7.0.2':
    resolution: {integrity: sha512-gffT3xPz9sR7j/YJExkyPntrI0P2EP9XbOyWzth2/Gs0RstK+90RBcO0ncXoXy/beYll1SXw846Nf2zdnEz0QQ==}
    engines: {node: '>=16.20.0'}
    cpu: [arm]
    os: [linux]

  '@typescript/typescript-linux-loong64@7.0.2':
    resolution: {integrity: sha512-uEHck9i8hoAzXPiYRib1O7miOnz23SxIeVl6F4LXox+qov1K35jHcEW6VHKvZI+pyvl7fZEP4MCU5LYvIq1GuQ==}
    engines: {node: '>=16.20.0'}
    cpu: [loong64]
    os: [linux]

  '@typescript/typescript-linux-mips64el@7.0.2':
    resolution: {integrity: sha512-R4KvAMnE43W5Qeqb0Ly56O3mWMWIAgsMyz36DCaycd5nbg/9kzm0liw3JocfRqyJY0KPmzFjbswozXyW0DnIYA==}
    engines: {node: '>=16.20.0'}
    cpu: [mips64el]
    os: [linux]

  '@typescript/typescript-linux-ppc64@7.0.2':
    resolution: {integrity: sha512-DORx5b3sd/4S7eayxm4FQv+A7CrkUIGRaHiwI8oiHTAI1fAPWhF4J0vAlkC8biAlHSVVwxMQ3tjZ2/DVbnQiiA==}
    engines: {node: '>=16.20.0'}
    cpu: [ppc64]
    os: [linux]

  '@typescript/typescript-linux-riscv64@7.0.2':
    resolution: {integrity: sha512-wf0jqEDOjrPRnKwYRyyJDRo11KMbvMFrU+q4zqKyChODBzvlkbhNQfKvLxQCcwTpdDaXSHZTVuh0JoCrKCUMHQ==}
    engines: {node: '>=16.20.0'}
    cpu: [riscv64]
    os: [linux]

  '@typescript/typescript-linux-s390x@7.0.2':
    resolution: {integrity: sha512-IkwJc3L7yhytWd/ewjyxNDfOmswCm9GWMJT/ue/dU4aZNbwZeYAetq42VyLmsmSjvoX7z74X6ZaYCtzAr0EuGw==}
    engines: {node: '>=16.20.0'}
    cpu: [s390x]
    os: [linux]

  '@typescript/typescript-linux-x64@7.0.2':
    resolution: {integrity: sha512-EYdf2cNg7rgCWJnxCdJ+F3V39O8ihb37eHAu1LK8oAFizgTQbPOK7zHHXbPt8rX24COqODXeI3sIf0fCXG7H/A==}
    engines: {node: '>=16.20.0'}
    cpu: [x64]
    os: [linux]

  '@typescript/typescript-netbsd-arm64@7.0.2':
    resolution: {integrity: sha512-+polYF4MF04aPpO5FTkHran9yUQDSXqy5GiSDKpsll5jy3l3+g9QLhpf39T+ePtefhXLOGrLl0QIjkQP6VnelA==}
    engines: {node: '>=16.20.0'}
    cpu: [arm64]
    os: [netbsd]

  '@typescript/typescript-netbsd-x64@7.0.2':
    resolution: {integrity: sha512-8YIT0EHM/3dq10ZOVF/A7pc/YSMtbcecct4rWtexrnSCHOPcpC2KTLXfTCR6vDpnSiY12heNb1GiN/wu+T/FyA==}
    engines: {node: '>=16.20.0'}
    cpu: [x64]
    os: [netbsd]

  '@typescript/typescript-openbsd-arm64@7.0.2':
    resolution: {integrity: sha512-APT8+ClYnuYm1u9+kgGXoMj2VzWzcymwh2gNSQVySHfkRDGOTVkoWLjCmOQSaO+PoqQ57B0flRp9SA+7GnnkzQ==}
    engines: {node: '>=16.20.0'}
    cpu: [arm64]
    os: [openbsd]

  '@typescript/typescript-openbsd-x64@7.0.2':
    resolution: {integrity: sha512-yX7s+Q0Dln0Dt9tEzZsAjXXR/+ytBM7AlglaqyeMPxQszJ1JhlJdZ6jLA+IzldHtflX81em7lDao1xXu+aRRkg==}
    engines: {node: '>=16.20.0'}
    cpu: [x64]
    os: [openbsd]

  '@typescript/typescript-sunos-x64@7.0.2':
    resolution: {integrity: sha512-dLJDGaLZ1D4HPQn62u1n8mBDkJREwMsAkCdkwd4Ieqw+x3TUyTsqY0YiBCtE6H6OzzgGk3iuZ3vFWRS+E8/d1g==}
    engines: {node: '>=16.20.0'}
    cpu: [x64]
    os: [sunos]

  '@typescript/typescript-win32-arm64@7.0.2':
    resolution: {integrity: sha512-Gyl1Vy6OsWesLzmq+EP0Fb7b4Nid5232AvcA2SFcdYreldpNtYFFofPjnt62y9hQy7VTaZp65ICJjuAQRaVcIQ==}
    engines: {node: '>=16.20.0'}
    cpu: [arm64]
    os: [win32]

  '@typescript/typescript-win32-x64@7.0.2':
    resolution: {integrity: sha512-0BQ3HkAHHlKLSp1qRvf3SUhGpGsDuhB/jgFw75guyqbxJqEaS0Cw/VFO8i2nHglJUzQCRtMMR/IBAKE3ETMC4g==}
    engines: {node: '>=16.20.0'}
    cpu: [x64]
    os: [win32]

  balanced-match@4.0.4:
    resolution: {integrity: sha512-BLrgEcRTwX2o6gGxGOCNyMvGSp35YofuYzw9h1IMTRmKqttAZZVU67bdb9Pr2vUHA8+j3i2tJfjO6C6+4myGTA==}
    engines: {node: 18 || 20 || >=22}

  brace-expansion@5.0.9:
    resolution: {integrity: sha512-ScQ4IuvIEF1TMlP7Zt+vjJ//9zlPb2SDcxWxM3bk8s6t6GGdJ7KO1dCcTidOPJKePW30LE/2cT7wCyPho9/Wxg==}
    engines: {node: 20 || >=22}

  chardet@2.2.0:
    resolution: {integrity: sha512-rddelWYNPRrXq6PtNEN2S3f6t9ILzvqaN5pVgi4kqt9jHQaXIial9PznB5iSPVlQSLNaaH22ItWz3EJtQ10+OA==}

  cli-width@4.1.0:
    resolution: {integrity: sha512-ouuZd4/dm2Sw5Gmqy6bGyNNNe1qt9RpmxveLSO7KcgsTnU7RXfsw+/bukWGo1abgBiMAic068rclZsO4IWmmxQ==}
    engines: {node: '>= 12'}

  commondir@1.0.1:
    resolution: {integrity: sha512-W9pAhw0ja1Edb5GVdIF1mjZw/ASI0AlShXM83UUGe2DVr5TdAPEA1OA8m/g8zWp9x6On7gqufY+FatDbC3MDQg==}

  deepmerge@4.3.1:
    resolution: {integrity: sha512-3sUqbMEc77XqpdNO7FRyRog+eW3ph+GYCbj+rK+uYyRMuwsVy0rMiVtPn+QJlKFvWP/1PYpapqYn0Me2knFn+A==}
    engines: {node: '>=0.10.0'}

  estree-walker@0.6.1:
    resolution: {integrity: sha512-SqmZANLWS0mnatqbSfRP5g8OXZC12Fgg1IwNtLsyHDzJizORW4khDfjPqJZsemPWBB2uqykUah5YpQ6epsqC/w==}

  estree-walker@2.0.2:
    resolution: {integrity: sha512-Rfkk/Mp/DL7JVje3u18FxFujQlTNR2q6QfMSMB7AvCBx91NGj/ba3kCfza0f6dVDbw7YlRf/nDrn7pQrCCyQ/w==}

  fast-string-truncated-width@3.0.3:
    resolution: {integrity: sha512-0jjjIEL6+0jag3l2XWWizO64/aZVtpiGE3t0Zgqxv0DPuxiMjvB3M24fCyhZUO4KomJQPj3LTSUnDP3GpdwC0g==}

  fast-string-width@3.0.2:
    resolution: {integrity: sha512-gX8LrtNEI5hq8DVUfRQMbr5lpaS4nMIWV+7XEbXk2b8kiQIizgnlr12B4dA3ZEx3308ze0O4Q1R+cHts8kyUJg==}

  fast-wrap-ansi@0.2.2:
    resolution: {integrity: sha512-7F2Fl+TjRSenLqlU3UjSH0iyqopqoZIu7eZVpEirP2g1GtWa2G/ecEmBdgz31+Mxr+ELclgg6sokpSFIQiZ02Q==}

  fdir@6.4.0:
    resolution: {integrity: sha512-3oB133prH1o4j/L5lLW7uOCF1PlD+/It2L0eL/iAqWMB91RBbqTewABqxhj0ibBd90EEmWZq7ntIWzVaWcXTGQ==}
    peerDependencies:
      picomatch: ^3 || ^4
    peerDependenciesMeta:
      picomatch:
        optional: true

  fsevents@2.3.3:
    resolution: {integrity: sha512-5xoDfX+fL7faATnagmWPpbFtwh/R77WmMMqqHGS65C3vvB0YHrgF+B1YmZ3441tMj5n63k0212XNoJwzlhffQw==}
    engines: {node: ^8.16.0 || ^10.6.0 || >=11.0.0}
    os: [darwin]

  function-bind@1.1.2:
    resolution: {integrity: sha512-7XHNxH7qX9xG5mIwxkhumTox/MIRNcOgDrxWsMt2pAr23WHp6MrRlN7FBSFpCpr+oVO0F744iUgR82nJMfG2SA==}

  glob@13.0.6:
    resolution: {integrity: sha512-Wjlyrolmm8uDpm/ogGyXZXb1Z+Ca2B8NbJwqBVg0axK9GbBeoS7yGV6vjXnYdGm6X53iehEuxxbyiKp8QmN4Vw==}
    engines: {node: 18 || 20 || >=22}

  hasown@2.0.2:
    resolution: {integrity: sha512-0hJU9SCPvmMzIBdZFqNPXWa6dqh7WdH0cII9y+CyS8rG3nL48Bclra9HmKhVVUHyPWNH5Y7xDwAB7bfgSjkUMQ==}
    engines: {node: '>= 0.4'}

  iconv-lite@0.7.3:
    resolution: {integrity: sha512-IKXpvIzjnC9XTAUbVBcMfGS0EPaIXtW6v+zr+RRp+hqULEpo0owZax6wyRwPOJbWbzjYspQwusTsfVr0ifh4uQ==}
    engines: {node: '>=0.10.0'}

  is-core-module@2.15.1:
    resolution: {integrity: sha512-z0vtXSwucUJtANQWldhbtbt7BnL0vxiFjIdDLAatwhDYty2bad6s+rijD6Ri4YuYJubLzIJLUidCh09e1djEVQ==}
    engines: {node: '>= 0.4'}

  is-module@1.0.0:
    resolution: {integrity: sha512-51ypPSPCoTEIN9dy5Oy+h4pShgJmPCygKfyRCISBI+JoWT/2oJvK8QPxmwv7b/p239jXrm9M1mlQbyKJ5A152g==}

  is-reference@1.2.1:
    resolution: {integrity: sha512-U82MsXXiFIrjCK4otLT+o2NA2Cd2g5MLoOVXUZjIOhLurrRxpEXzI8O0KZHr3IjLvlAH1kTPYSuqer5T9ZVBKQ==}

  js-cleanup@1.2.0:
    resolution: {integrity: sha512-JeDD0yiiSt80fXzAVa/crrS0JDPQljyBG/RpOtaSbyDq03VHa9szJWMaWOYU/bcTn412uMN2MxApXq8v79cUiQ==}
    engines: {node: ^10.14.2 || >=12.0.0}

  lru-cache@11.0.1:
    resolution: {integrity: sha512-CgeuL5uom6j/ZVrg7G/+1IXqRY8JXX4Hghfy5YE0EhoYQWvndP1kufu58cmZLNIDKnRhZrXfdS9urVWx98AipQ==}
    engines: {node: 20 || >=22}

  magic-string@0.25.9:
    resolution: {integrity: sha512-RmF0AsMzgt25qzqqLc1+MbHmhdx0ojF2Fvs4XnOqz2ZOBXzzkEwc/dJQZCYHAn7v1jbVOjAZfK8msRn4BxO4VQ==}

  magic-string@0.30.11:
    resolution: {integrity: sha512-+Wri9p0QHMy+545hKww7YAu5NyzF8iomPL/RQazugQ9+Ez4Ic3mERMd8ZTX5rfK944j+560ZJi8iAwgak1Ac7A==}

  minimatch@10.2.6:
    resolution: {integrity: sha512-vpLQEs+VLCr1nU0BXS07maYoFwlDAH0gngQuuttxIwutDFEMHq2blX+8vpgxDdK3J1PwjCJiep77OitTZ4Ll1A==}
    engines: {node: 18 || 20 || >=22}

  minipass@7.1.3:
    resolution: {integrity: sha512-tEBHqDnIoM/1rXME1zgka9g6Q2lcoCkxHLuc7ODJ5BxbP5d4c2Z5cGgtXAku59200Cx7diuHTOYfSBD8n6mm8A==}
    engines: {node: '>=16 || 14 >=14.17'}

  mustache@4.2.0:
    resolution: {integrity: sha512-71ippSywq5Yb7/tVYyGbkBggbU8H3u5Rz56fH60jGFgr8uHwxs+aSKeqmluIVzM0m0kB7xQjKS6qPfd0b2ZoqQ==}
    hasBin: true

  mute-stream@3.0.0:
    resolution: {integrity: sha512-dkEJPVvun4FryqBmZ5KhDo0K9iDXAwn08tMLDinNdRBNPcYEDiWYysLcc6k3mjTMlbP9KyylvRpd4wFtwrT9rw==}
    engines: {node: ^20.17.0 || >=22.9.0}

  package-json-from-dist@1.0.1:
    resolution: {integrity: sha512-UEZIS3/by4OC8vL3P2dTXRETpebLI2NiI5vIrjaD/5UtrkFX/tNbwjTSRAGC/+7CAo2pIcBaRgWmcBBHcsaCIw==}

  path-parse@1.0.7:
    resolution: {integrity: sha512-LDJzPVEEEPR+y48z93A0Ed0yXb8pAByGWo/k5YYdYgpY2/2EsOsksJrq7lOHxryrVOn1ejG6oAp8ahvOIQD8sw==}

  path-scurry@2.0.2:
    resolution: {integrity: sha512-3O/iVVsJAPsOnpwWIeD+d6z/7PmqApyQePUtCndjatj/9I5LylHvt5qluFaBT3I5h3r1ejfR056c+FCv+NnNXg==}
    engines: {node: 18 || 20 || >=22}

  perf-regexes@1.0.1:
    resolution: {integrity: sha512-L7MXxUDtqr4PUaLFCDCXBfGV/6KLIuSEccizDI7JxT+c9x1G1v04BQ4+4oag84SHaCdrBgQAIs/Cqn+flwFPng==}
    engines: {node: '>=6.14'}

  picomatch@2.3.1:
    resolution: {integrity: sha512-JU3teHTNjmE2VCGFzuY8EXzCDVwEqB2a8fsIvwaStHhAWJEeVd1o1QD80CU6+ZdEXXSLbSsuLwJjkCBWqRQUVA==}
    engines: {node: '>=8.6'}

  picomatch@4.0.5:
    resolution: {integrity: sha512-RvwwcruNjI1ncT5xRakeyS9Lf8lcItv34KD+aif+VH9kduAyfYBipGh12274xtenIPZ119/R9BdTBa8gAwSh0A==}
    engines: {node: '>=12'}

  resolve@1.22.8:
    resolution: {integrity: sha512-oKWePCxqpd6FlLvGV1VU0x7bkPmmCNolxzjMf4NczoDnQcIWrAF+cPtZn5i6n+RfD2d9i0tzpKnG6Yk168yIyw==}
    hasBin: true

  rimraf@6.1.3:
    resolution: {integrity: sha512-LKg+Cr2ZF61fkcaK1UdkH2yEBBKnYjTyWzTJT6KNPcSPaiT7HSdhtMXQuN5wkTX0Xu72KQ1l8S42rlmexS2hSA==}
    engines: {node: 20 || >=22}
    hasBin: true

  rollup-plugin-cleanup@3.2.1:
    resolution: {integrity: sha512-zuv8EhoO3TpnrU8MX8W7YxSbO4gmOR0ny06Lm3nkFfq0IVKdBUtHwhVzY1OAJyNCIAdLiyPnOrU0KnO0Fri1GQ==}
    engines: {node: ^10.14.2 || >=12.0.0}
    peerDependencies:
      rollup: '>=2.0'

  rollup-pluginutils@2.8.2:
    resolution: {integrity: sha512-EEp9NhnUkwY8aif6bxgovPHMoMoNr2FulJziTndpt5H9RdwC47GSGuII9XxpSdzVGM0GWrNPHV6ie1LTNJPaLQ==}

  rollup@4.62.4:
    resolution: {integrity: sha512-RXOqwaPsBGjMNMa4sQjDjHieHEZDFoj/Rdr46l2MU5DfEs16wHJPC2RPTPHWhNl+M3aI472LLqFkFKut4SblOg==}
    engines: {node: '>=18.0.0', npm: '>=8.0.0'}
    hasBin: true

  safer-buffer@2.1.2:
    resolution: {integrity: sha512-YZo3K82SD7Riyi0E1EQPojLz7kpepnSQI9IyPbHHg1XXXevb5dJI7tpyN2ADxGcQbHG7vcyRHk0cbwqcQriUtg==}

  signal-exit@4.1.0:
    resolution: {integrity: sha512-bzyZ1e88w9O1iNJbKnOlvYTrWPDl46O1bG0D3XInv+9tkPrxrN8jUUTiFlDkkmKWgn1M6CfIA13SuGqOa9Korw==}
    engines: {node: '>=14'}

  skip-regex@1.0.2:
    resolution: {integrity: sha512-pEjMUbwJ5Pl/6Vn6FsamXHXItJXSRftcibixDmNCWbWhic0hzHrwkMZo0IZ7fMRH9KxcWDFSkzhccB4285PutA==}
    engines: {node: '>=4.2'}

  smob@1.6.2:
    resolution: {integrity: sha512-RQsvleCbF8cVHEv+xuDGaA4pOizFqJ0GgjtMSRo6oP8pnN7WsigHgVGey6aILRBKv4W2YOMHLqbKdnB6hpB9fw==}
    engines: {node: '>=20.0.0'}

  sourcemap-codec@1.4.8:
    resolution: {integrity: sha512-9NykojV5Uih4lgo5So5dtw+f0JgJX30KCNI8gwhz2J9A15wD0Ml6tjHKwf6fTSa6fAdVBdZeNOs9eJ71qCk8vA==}
    deprecated: Please use @jridgewell/sourcemap-codec instead

  supports-preserve-symlinks-flag@1.0.0:
    resolution: {integrity: sha512-ot0WnXS9fgdkgIcePe6RHNk1WA8+muPa6cSjeR3V8K27q9BB1rTE3R1p7Hv0z1ZyAc8s6Vvv8DIyWf681MAt0w==}
    engines: {node: '>= 0.4'}

  tslib@2.8.1:
    resolution: {integrity: sha512-oJFu94HQb+KVduSUQL7wnpmqnfmLsOA/nAh6b6EH0wCEoK0/mPeXU6c3wKDV83MkOuHPRHtSXKKU99IBazS/2w==}

  typescript@7.0.2:
    resolution: {integrity: sha512-8FYau96o3NKOhbjKi/qNvG/W5jhzxkbdm5sj9AbZ/5T5sWqn3hJgLfGx27sRKZWTvyzCP8dLRBTf5tBTSRVUNA==}
    engines: {node: '>=16.20.0'}
    hasBin: true

  undici-types@6.19.8:
    resolution: {integrity: sha512-ve2KP6f/JnbPBFyobGHuerC9g1FYGn/F8n1LWTwNxCEzd6IfqTwUQcNXgEtmmQ6DlRrC1hrSrBnCZPokRrDHjw==}

  yaml@2.9.0:
    resolution: {integrity: sha512-2AvhNX3mb8zd6Zy7INTtSpl1F15HW6Wnqj0srWlkKLcpYl/gMIMJiyuGq2KeI2YFxUPjdlB+3Lc10seMLtL4cA==}
    engines: {node: '>= 14.6'}
    hasBin: true

snapshots:

  '@inquirer/ansi@2.0.7': {}

  '@inquirer/checkbox@5.2.1(@types/node@22.7.5)':
    dependencies:
      '@inquirer/ansi': 2.0.7
      '@inquirer/core': 11.2.1(@types/node@22.7.5)
      '@inquirer/figures': 2.0.7
      '@inquirer/type': 4.0.7(@types/node@22.7.5)
    optionalDependencies:
      '@types/node': 22.7.5

  '@inquirer/confirm@6.1.1(@types/node@22.7.5)':
    dependencies:
      '@inquirer/core': 11.2.1(@types/node@22.7.5)
      '@inquirer/type': 4.0.7(@types/node@22.7.5)
    optionalDependencies:
      '@types/node': 22.7.5

  '@inquirer/core@11.2.1(@types/node@22.7.5)':
    dependencies:
      '@inquirer/ansi': 2.0.7
      '@inquirer/figures': 2.0.7
      '@inquirer/type': 4.0.7(@types/node@22.7.5)
      cli-width: 4.1.0
      fast-wrap-ansi: 0.2.2
      mute-stream: 3.0.0
      signal-exit: 4.1.0
    optionalDependencies:
      '@types/node': 22.7.5

  '@inquirer/editor@5.2.2(@types/node@22.7.5)':
    dependencies:
      '@inquirer/core': 11.2.1(@types/node@22.7.5)
      '@inquirer/external-editor': 3.0.3(@types/node@22.7.5)
      '@inquirer/type': 4.0.7(@types/node@22.7.5)
    optionalDependencies:
      '@types/node': 22.7.5

  '@inquirer/expand@5.1.1(@types/node@22.7.5)':
    dependencies:
      '@inquirer/core': 11.2.1(@types/node@22.7.5)
      '@inquirer/type': 4.0.7(@types/node@22.7.5)
    optionalDependencies:
      '@types/node': 22.7.5

  '@inquirer/external-editor@3.0.3(@types/node@22.7.5)':
    dependencies:
      chardet: 2.2.0
      iconv-lite: 0.7.3
    optionalDependencies:
      '@types/node': 22.7.5

  '@inquirer/figures@2.0.7': {}

  '@inquirer/input@5.1.2(@types/node@22.7.5)':
    dependencies:
      '@inquirer/core': 11.2.1(@types/node@22.7.5)
      '@inquirer/type': 4.0.7(@types/node@22.7.5)
    optionalDependencies:
      '@types/node': 22.7.5

  '@inquirer/number@4.1.1(@types/node@22.7.5)':
    dependencies:
      '@inquirer/core': 11.2.1(@types/node@22.7.5)
      '@inquirer/type': 4.0.7(@types/node@22.7.5)
    optionalDependencies:
      '@types/node': 22.7.5

  '@inquirer/password@5.1.1(@types/node@22.7.5)':
    dependencies:
      '@inquirer/ansi': 2.0.7
      '@inquirer/core': 11.2.1(@types/node@22.7.5)
      '@inquirer/type': 4.0.7(@types/node@22.7.5)
    optionalDependencies:
      '@types/node': 22.7.5

  '@inquirer/prompts@8.5.2(@types/node@22.7.5)':
    dependencies:
      '@inquirer/checkbox': 5.2.1(@types/node@22.7.5)
      '@inquirer/confirm': 6.1.1(@types/node@22.7.5)
      '@inquirer/editor': 5.2.2(@types/node@22.7.5)
      '@inquirer/expand': 5.1.1(@types/node@22.7.5)
      '@inquirer/input': 5.1.2(@types/node@22.7.5)
      '@inquirer/number': 4.1.1(@types/node@22.7.5)
      '@inquirer/password': 5.1.1(@types/node@22.7.5)
      '@inquirer/rawlist': 5.3.1(@types/node@22.7.5)
      '@inquirer/search': 4.2.1(@types/node@22.7.5)
      '@inquirer/select': 5.2.1(@types/node@22.7.5)
    optionalDependencies:
      '@types/node': 22.7.5

  '@inquirer/rawlist@5.3.1(@types/node@22.7.5)':
    dependencies:
      '@inquirer/core': 11.2.1(@types/node@22.7.5)
      '@inquirer/type': 4.0.7(@types/node@22.7.5)
    optionalDependencies:
      '@types/node': 22.7.5

  '@inquirer/search@4.2.1(@types/node@22.7.5)':
    dependencies:
      '@inquirer/core': 11.2.1(@types/node@22.7.5)
      '@inquirer/figures': 2.0.7
      '@inquirer/type': 4.0.7(@types/node@22.7.5)
    optionalDependencies:
      '@types/node': 22.7.5

  '@inquirer/select@5.2.1(@types/node@22.7.5)':
    dependencies:
      '@inquirer/ansi': 2.0.7
      '@inquirer/core': 11.2.1(@types/node@22.7.5)
      '@inquirer/figures': 2.0.7
      '@inquirer/type': 4.0.7(@types/node@22.7.5)
    optionalDependencies:
      '@types/node': 22.7.5

  '@inquirer/type@4.0.7(@types/node@22.7.5)':
    optionalDependencies:
      '@types/node': 22.7.5

  '@jridgewell/sourcemap-codec@1.5.0': {}

  '@napi-rs/lzma-linux-x64-gnu@1.5.1':
    optional: true

  '@rollup/plugin-commonjs@29.0.3(rollup@4.62.4)':
    dependencies:
      '@rollup/pluginutils': 5.1.2(rollup@4.62.4)
      commondir: 1.0.1
      estree-walker: 2.0.2
      fdir: 6.4.0(picomatch@4.0.5)
      is-reference: 1.2.1
      magic-string: 0.30.11
      picomatch: 4.0.5
    optionalDependencies:
      rollup: 4.62.4

  '@rollup/plugin-node-resolve@16.0.3(rollup@4.62.4)':
    dependencies:
      '@rollup/pluginutils': 5.1.2(rollup@4.62.4)
      '@types/resolve': 1.20.2
      deepmerge: 4.3.1
      is-module: 1.0.0
      resolve: 1.22.8
    optionalDependencies:
      rollup: 4.62.4

  '@rollup/plugin-swc@0.4.1(@swc/core@1.15.47)(rollup@4.62.4)':
    dependencies:
      '@rollup/pluginutils': 5.1.2(rollup@4.62.4)
      '@swc/core': 1.15.47
      smob: 1.6.2
    optionalDependencies:
      rollup: 4.62.4

  '@rollup/pluginutils@5.1.2(rollup@4.62.4)':
    dependencies:
      '@types/estree': 1.0.6
      estree-walker: 2.0.2
      picomatch: 2.3.1
    optionalDependencies:
      rollup: 4.62.4

  '@rollup/rollup-android-arm-eabi@4.62.4':
    optional: true

  '@rollup/rollup-android-arm64@4.62.4':
    optional: true

  '@rollup/rollup-darwin-arm64@4.62.4':
    optional: true

  '@rollup/rollup-darwin-x64@4.62.4':
    optional: true

  '@rollup/rollup-freebsd-arm64@4.62.4':
    optional: true

  '@rollup/rollup-freebsd-x64@4.62.4':
    optional: true

  '@rollup/rollup-linux-arm-gnueabihf@4.62.4':
    optional: true

  '@rollup/rollup-linux-arm-musleabihf@4.62.4':
    optional: true

  '@rollup/rollup-linux-arm64-gnu@4.62.4':
    optional: true

  '@rollup/rollup-linux-arm64-musl@4.62.4':
    optional: true

  '@rollup/rollup-linux-loong64-gnu@4.62.4':
    optional: true

  '@rollup/rollup-linux-loong64-musl@4.62.4':
    optional: true

  '@rollup/rollup-linux-ppc64-gnu@4.62.4':
    optional: true

  '@rollup/rollup-linux-ppc64-musl@4.62.4':
    optional: true

  '@rollup/rollup-linux-riscv64-gnu@4.62.4':
    optional: true

  '@rollup/rollup-linux-riscv64-musl@4.62.4':
    optional: true

  '@rollup/rollup-linux-s390x-gnu@4.62.4':
    optional: true

  '@rollup/rollup-linux-x64-gnu@4.62.4':
    optional: true

  '@rollup/rollup-linux-x64-musl@4.62.4':
    optional: true

  '@rollup/rollup-openbsd-x64@4.62.4':
    optional: true

  '@rollup/rollup-openharmony-arm64@4.62.4':
    optional: true

  '@rollup/rollup-win32-arm64-msvc@4.62.4':
    optional: true

  '@rollup/rollup-win32-ia32-msvc@4.62.4':
    optional: true

  '@rollup/rollup-win32-x64-gnu@4.62.4':
    optional: true

  '@rollup/rollup-win32-x64-msvc@4.62.4':
    optional: true

  '@swc/core-darwin-arm64@1.15.47':
    optional: true

  '@swc/core-darwin-x64@1.15.47':
    optional: true

  '@swc/core-linux-arm-gnueabihf@1.15.47':
    optional: true

  '@swc/core-linux-arm64-gnu@1.15.47':
    optional: true

  '@swc/core-linux-arm64-musl@1.15.47':
    optional: true

  '@swc/core-linux-ppc64-gnu@1.15.47':
    optional: true

  '@swc/core-linux-s390x-gnu@1.15.47':
    optional: true

  '@swc/core-linux-x64-gnu@1.15.47':
    optional: true

  '@swc/core-linux-x64-musl@1.15.47':
    optional: true

  '@swc/core-win32-arm64-msvc@1.15.47':
    optional: true

  '@swc/core-win32-ia32-msvc@1.15.47':
    optional: true

  '@swc/core-win32-x64-msvc@1.15.47':
    optional: true

  '@swc/core@1.15.47':
    dependencies:
      '@swc/counter': 0.1.3
      '@swc/types': 0.1.28
    optionalDependencies:
      '@swc/core-darwin-arm64': 1.15.47
      '@swc/core-darwin-x64': 1.15.47
      '@swc/core-linux-arm-gnueabihf': 1.15.47
      '@swc/core-linux-arm64-gnu': 1.15.47
      '@swc/core-linux-arm64-musl': 1.15.47
      '@swc/core-linux-ppc64-gnu': 1.15.47
      '@swc/core-linux-s390x-gnu': 1.15.47
      '@swc/core-linux-x64-gnu': 1.15.47
      '@swc/core-linux-x64-musl': 1.15.47
      '@swc/core-win32-arm64-msvc': 1.15.47
      '@swc/core-win32-ia32-msvc': 1.15.47
      '@swc/core-win32-x64-msvc': 1.15.47

  '@swc/counter@0.1.3': {}

  '@swc/types@0.1.28':
    dependencies:
      '@swc/counter': 0.1.3

  '@types/estree@1.0.6': {}

  '@types/estree@1.0.9': {}

  '@types/mustache@4.2.6': {}

  '@types/node@22.7.5':
    dependencies:
      undici-types: 6.19.8
    optional: true

  '@types/resolve@1.20.2': {}

  '@typescript/typescript-aix-ppc64@7.0.2':
    optional: true

  '@typescript/typescript-darwin-arm64@7.0.2':
    optional: true

  '@typescript/typescript-darwin-x64@7.0.2':
    optional: true

  '@typescript/typescript-freebsd-arm64@7.0.2':
    optional: true

  '@typescript/typescript-freebsd-x64@7.0.2':
    optional: true

  '@typescript/typescript-linux-arm64@7.0.2':
    optional: true

  '@typescript/typescript-linux-arm@7.0.2':
    optional: true

  '@typescript/typescript-linux-loong64@7.0.2':
    optional: true

  '@typescript/typescript-linux-mips64el@7.0.2':
    optional: true

  '@typescript/typescript-linux-ppc64@7.0.2':
    optional: true

  '@typescript/typescript-linux-riscv64@7.0.2':
    optional: true

  '@typescript/typescript-linux-s390x@7.0.2':
    optional: true

  '@typescript/typescript-linux-x64@7.0.2':
    optional: true

  '@typescript/typescript-netbsd-arm64@7.0.2':
    optional: true

  '@typescript/typescript-netbsd-x64@7.0.2':
    optional: true

  '@typescript/typescript-openbsd-arm64@7.0.2':
    optional: true

  '@typescript/typescript-openbsd-x64@7.0.2':
    optional: true

  '@typescript/typescript-sunos-x64@7.0.2':
    optional: true

  '@typescript/typescript-win32-arm64@7.0.2':
    optional: true

  '@typescript/typescript-win32-x64@7.0.2':
    optional: true

  balanced-match@4.0.4: {}

  brace-expansion@5.0.9:
    dependencies:
      balanced-match: 4.0.4

  chardet@2.2.0: {}

  cli-width@4.1.0: {}

  commondir@1.0.1: {}

  deepmerge@4.3.1: {}

  estree-walker@0.6.1: {}

  estree-walker@2.0.2: {}

  fast-string-truncated-width@3.0.3: {}

  fast-string-width@3.0.2:
    dependencies:
      fast-string-truncated-width: 3.0.3

  fast-wrap-ansi@0.2.2:
    dependencies:
      fast-string-width: 3.0.2

  fdir@6.4.0(picomatch@4.0.5):
    optionalDependencies:
      picomatch: 4.0.5

  fsevents@2.3.3:
    optional: true

  function-bind@1.1.2: {}

  glob@13.0.6:
    dependencies:
      minimatch: 10.2.6
      minipass: 7.1.3
      path-scurry: 2.0.2

  hasown@2.0.2:
    dependencies:
      function-bind: 1.1.2

  iconv-lite@0.7.3:
    dependencies:
      safer-buffer: 2.1.2

  is-core-module@2.15.1:
    dependencies:
      hasown: 2.0.2

  is-module@1.0.0: {}

  is-reference@1.2.1:
    dependencies:
      '@types/estree': 1.0.6

  js-cleanup@1.2.0:
    dependencies:
      magic-string: 0.25.9
      perf-regexes: 1.0.1
      skip-regex: 1.0.2

  lru-cache@11.0.1: {}

  magic-string@0.25.9:
    dependencies:
      sourcemap-codec: 1.4.8

  magic-string@0.30.11:
    dependencies:
      '@jridgewell/sourcemap-codec': 1.5.0

  minimatch@10.2.6:
    dependencies:
      brace-expansion: 5.0.9

  minipass@7.1.3: {}

  mustache@4.2.0: {}

  mute-stream@3.0.0: {}

  package-json-from-dist@1.0.1: {}

  path-parse@1.0.7: {}

  path-scurry@2.0.2:
    dependencies:
      lru-cache: 11.0.1
      minipass: 7.1.3

  perf-regexes@1.0.1: {}

  picomatch@2.3.1: {}

  picomatch@4.0.5: {}

  resolve@1.22.8:
    dependencies:
      is-core-module: 2.15.1
      path-parse: 1.0.7
      supports-preserve-symlinks-flag: 1.0.0

  rimraf@6.1.3:
    dependencies:
      glob: 13.0.6
      package-json-from-dist: 1.0.1

  rollup-plugin-cleanup@3.2.1(rollup@4.62.4):
    dependencies:
      js-cleanup: 1.2.0
      rollup: 4.62.4
      rollup-pluginutils: 2.8.2

  rollup-pluginutils@2.8.2:
    dependencies:
      estree-walker: 0.6.1

  rollup@4.62.4:
    dependencies:
      '@types/estree': 1.0.9
    optionalDependencies:
      '@napi-rs/lzma-linux-x64-gnu': 1.5.1
      '@rollup/rollup-android-arm-eabi': 4.62.4
      '@rollup/rollup-android-arm64': 4.62.4
      '@rollup/rollup-darwin-arm64': 4.62.4
      '@rollup/rollup-darwin-x64': 4.62.4
      '@rollup/rollup-freebsd-arm64': 4.62.4
      '@rollup/rollup-freebsd-x64': 4.62.4
      '@rollup/rollup-linux-arm-gnueabihf': 4.62.4
      '@rollup/rollup-linux-arm-musleabihf': 4.62.4
      '@rollup/rollup-linux-arm64-gnu': 4.62.4
      '@rollup/rollup-linux-arm64-musl': 4.62.4
      '@rollup/rollup-linux-loong64-gnu': 4.62.4
      '@rollup/rollup-linux-loong64-musl': 4.62.4
      '@rollup/rollup-linux-ppc64-gnu': 4.62.4
      '@rollup/rollup-linux-ppc64-musl': 4.62.4
      '@rollup/rollup-linux-riscv64-gnu': 4.62.4
      '@rollup/rollup-linux-riscv64-musl': 4.62.4
      '@rollup/rollup-linux-s390x-gnu': 4.62.4
      '@rollup/rollup-linux-x64-gnu': 4.62.4
      '@rollup/rollup-linux-x64-musl': 4.62.4
      '@rollup/rollup-openbsd-x64': 4.62.4
      '@rollup/rollup-openharmony-arm64': 4.62.4
      '@rollup/rollup-win32-arm64-msvc': 4.62.4
      '@rollup/rollup-win32-ia32-msvc': 4.62.4
      '@rollup/rollup-win32-x64-gnu': 4.62.4
      '@rollup/rollup-win32-x64-msvc': 4.62.4
      fsevents: 2.3.3

  safer-buffer@2.1.2: {}

  signal-exit@4.1.0: {}

  skip-regex@1.0.2: {}

  smob@1.6.2: {}

  sourcemap-codec@1.4.8: {}

  supports-preserve-symlinks-flag@1.0.0: {}

  tslib@2.8.1: {}

  typescript@7.0.2:
    optionalDependencies:
      '@typescript/typescript-aix-ppc64': 7.0.2
      '@typescript/typescript-darwin-arm64': 7.0.2
      '@typescript/typescript-darwin-x64': 7.0.2
      '@typescript/typescript-freebsd-arm64': 7.0.2
      '@typescript/typescript-freebsd-x64': 7.0.2
      '@typescript/typescript-linux-arm': 7.0.2
      '@typescript/typescript-linux-arm64': 7.0.2
      '@typescript/typescript-linux-loong64': 7.0.2
      '@typescript/typescript-linux-mips64el': 7.0.2
      '@typescript/typescript-linux-ppc64': 7.0.2
      '@typescript/typescript-linux-riscv64': 7.0.2
      '@typescript/typescript-linux-s390x': 7.0.2
      '@typescript/typescript-linux-x64': 7.0.2
      '@typescript/typescript-netbsd-arm64': 7.0.2
      '@typescript/typescript-netbsd-x64': 7.0.2
      '@typescript/typescript-openbsd-arm64': 7.0.2
      '@typescript/typescript-openbsd-x64': 7.0.2
      '@typescript/typescript-sunos-x64': 7.0.2
      '@typescript/typescript-win32-arm64': 7.0.2
      '@typescript/typescript-win32-x64': 7.0.2

  undici-types@6.19.8:
    optional: true

  yaml@2.9.0: {}
